
Microsoft Visual Studio Solution File, Format Version 12.00
# Visual Studio Version 17
VisualStudioVersion = 17.4.33403.182
MinimumVisualStudioVersion = 10.0.40219.1
Project("{FAE04EC0-301F-11D3-BF4B-00C04F79EFBC}") = "FunctionExtra", "FunctionExtra.csproj", "{474D1E49-69D8-49A7-B1EC-AA184DF4907F}"
EndProject
Global
	GlobalSection(SolutionConfigurationPlatforms) = preSolution
		Debug|Any CPU = Debug|Any CPU
		Release|Any CPU = Release|Any CPU
	EndGlobalSection
	GlobalSection(ProjectConfigurationPlatforms) = postSolution
		{474D1E49-69D8-49A7-B1EC-AA184DF4907F}.Debug|Any CPU.ActiveCfg = Debug|Any CPU
		{474D1E49-69D8-49A7-B1EC-AA184DF4907F}.Debug|Any CPU.Build.0 = Debug|Any CPU
		{474D1E49-69D8-49A7-B1EC-AA184DF4907F}.Release|Any CPU.ActiveCfg = Release|Any CPU
		{474D1E49-69D8-49A7-B1EC-AA184DF4907F}.Release|Any CPU.Build.0 = Release|Any CPU
	EndGlobalSection
	GlobalSection(SolutionProperties) = preSolution
		HideSolutionNode = FALSE
	EndGlobalSection
	GlobalSection(ExtensibilityGlobals) = postSolution
		SolutionGuid = {F9721F9E-13A1-4D89-B4E1-12D8B8327E4C}
	EndGlobalSection
EndGlobal
